{
    "_readme": [
        "This file locks the dependencies of your project to a known state",
        "Read more about it at https://getcomposer.org/doc/01-basic-usage.md#composer-lock-the-lock-file",
        "This file is @generated automatically"
    ],
    "content-hash": "7782e8178364024ff114e299598d0dc5",
    "packages": [
        {
            "name": "telabotanica/tb-base-rest-service",
            "version": "0.1.4",
            "source": {
                "type": "git",
                "url": "https://github.com/telabotanica/tb-base-rest-service-php.git",
                "reference": "db1e1549201570721712602d5d767439b6aaba7b"
            },
            "dist": {
                "type": "zip",
                "url": "https://api.github.com/repos/telabotanica/tb-base-rest-service-php/zipball/db1e1549201570721712602d5d767439b6aaba7b",
                "reference": "db1e1549201570721712602d5d767439b6aaba7b",
                "shasum": ""
            },
            "require": {
                "php": ">=5.5.0"
            },
            "type": "library",
            "autoload": {
                "psr-0": {
                    "BaseRestServiceTB": ""
                }
            },
            "notification-url": "https://packagist.org/downloads/",
            "license": [
                "GPLv3"
            ],
            "authors": [
                {
                    "name": "Mathias Chouet",
                    "email": "mathias@tela-botanica.org"
                }
            ],
            "description": "A simple PHP class that helps building REST webservices",
            "homepage": "https://github.com/telabotanica/tb-base-rest-service",
            "keywords": [
                "rest",
                "tela botanica",
                "tela-botanica",
                "telabotanica",
                "webservice"
            ],
            "time": "2018-03-09T15:21:45+00:00"
        }
    ],
    "packages-dev": [],
    "aliases": [],
    "minimum-stability": "stable",
    "stability-flags": [],
    "prefer-stable": false,
    "prefer-lowest": false,
    "platform": [],
    "platform-dev": []
}
